
Microsoft Visual Studio Solution File, Format Version 12.00
# Visual Studio Version 17
VisualStudioVersion = 17.4.33205.214
MinimumVisualStudioVersion = 10.0.40219.1
Project("{9A19103F-16F7-4668-BE54-9A1E7A4F7556}") = "LR_9", "LR_9\LR_9.csproj", "{D41462BA-C602-42B1-B801-B506BDA19E6E}"
EndProject
Global
	GlobalSection(SolutionConfigurationPlatforms) = preSolution
		Debug|Any CPU = Debug|Any CPU
		Release|Any CPU = Release|Any CPU
	EndGlobalSection
	GlobalSection(ProjectConfigurationPlatforms) = postSolution
		{D41462BA-C602-42B1-B801-B506BDA19E6E}.Debug|Any CPU.ActiveCfg = Debug|Any CPU
		{D41462BA-C602-42B1-B801-B506BDA19E6E}.Debug|Any CPU.Build.0 = Debug|Any CPU
		{D41462BA-C602-42B1-B801-B506BDA19E6E}.Release|Any CPU.ActiveCfg = Release|Any CPU
		{D41462BA-C602-42B1-B801-B506BDA19E6E}.Release|Any CPU.Build.0 = Release|Any CPU
	EndGlobalSection
	GlobalSection(SolutionProperties) = preSolution
		HideSolutionNode = FALSE
	EndGlobalSection
	GlobalSection(ExtensibilityGlobals) = postSolution
		SolutionGuid = {F615535E-5928-43CD-B066-8EF468072875}
	EndGlobalSection
EndGlobal
